PODS:
  - alert (0.0.1):
    - Flutter
  - Flutter (1.0.0)

DEPENDENCIES:
  - alert (from `.symlinks/plugins/alert/ios`)
  - Flutter (from `Flutter`)

EXTERNAL SOURCES:
  alert:
    :path: ".symlinks/plugins/alert/ios"
  Flutter:
    :path: Flutter

SPEC CHECKSUMS:
  alert: fa3137f80aa8ff29c8efbee8df29648605f622f7
  Flutter: 50d75fe2f02b26cc09d224853bb45737f8b3214a

PODFILE CHECKSUM: aafe91acc616949ddb318b77800a7f51bffa2a4c

COCOAPODS: 1.11.2
